
Microsoft Visual Studio Solution File, Format Version 12.00
# Visual Studio Version 16
VisualStudioVersion = 16.0.809.0
MinimumVisualStudioVersion = 10.0.40219.1
Project("{FAE04EC0-301F-11D3-BF4B-00C04F79EFBC}") = "SuperBank", "SuperBank.csproj", "{30E93354-0DE5-4DEE-8B5C-7BF2553818D2}"
EndProject
Global
	GlobalSection(SolutionConfigurationPlatforms) = preSolution
		Debug|Any CPU = Debug|Any CPU
		Release|Any CPU = Release|Any CPU
	EndGlobalSection
	GlobalSection(ProjectConfigurationPlatforms) = postSolution
		{30E93354-0DE5-4DEE-8B5C-7BF2553818D2}.Debug|Any CPU.ActiveCfg = Debug|Any CPU
		{30E93354-0DE5-4DEE-8B5C-7BF2553818D2}.Debug|Any CPU.Build.0 = Debug|Any CPU
		{30E93354-0DE5-4DEE-8B5C-7BF2553818D2}.Release|Any CPU.ActiveCfg = Release|Any CPU
		{30E93354-0DE5-4DEE-8B5C-7BF2553818D2}.Release|Any CPU.Build.0 = Release|Any CPU
	EndGlobalSection
	GlobalSection(SolutionProperties) = preSolution
		HideSolutionNode = FALSE
	EndGlobalSection
	GlobalSection(ExtensibilityGlobals) = postSolution
		SolutionGuid = {2AC31C78-A44D-472D-83E8-B930EBB6BEAD}
	EndGlobalSection
EndGlobal
